
Microsoft Visual Studio Solution File, Format Version 12.00
# Visual Studio Version 17
VisualStudioVersion = 17.5.33627.172
MinimumVisualStudioVersion = 10.0.40219.1
Project("{FAE04EC0-301F-11D3-BF4B-00C04F79EFBC}") = "Ders2", "Ders2\Ders2.csproj", "{F07D2A6E-C52F-4193-8ADD-CA9D1248AC12}"
EndProject
Global
	GlobalSection(SolutionConfigurationPlatforms) = preSolution
		Debug|Any CPU = Debug|Any CPU
		Release|Any CPU = Release|Any CPU
	EndGlobalSection
	GlobalSection(ProjectConfigurationPlatforms) = postSolution
		{F07D2A6E-C52F-4193-8ADD-CA9D1248AC12}.Debug|Any CPU.ActiveCfg = Debug|Any CPU
		{F07D2A6E-C52F-4193-8ADD-CA9D1248AC12}.Debug|Any CPU.Build.0 = Debug|Any CPU
		{F07D2A6E-C52F-4193-8ADD-CA9D1248AC12}.Release|Any CPU.ActiveCfg = Release|Any CPU
		{F07D2A6E-C52F-4193-8ADD-CA9D1248AC12}.Release|Any CPU.Build.0 = Release|Any CPU
	EndGlobalSection
	GlobalSection(SolutionProperties) = preSolution
		HideSolutionNode = FALSE
	EndGlobalSection
	GlobalSection(ExtensibilityGlobals) = postSolution
		SolutionGuid = {068EE826-F1BD-41B9-8562-8C466C7BED66}
	EndGlobalSection
EndGlobal
